
Microsoft Visual Studio Solution File, Format Version 12.00
# Visual Studio Version 16
VisualStudioVersion = 16.0.29418.71
MinimumVisualStudioVersion = 10.0.40219.1
Project("{FAE04EC0-301F-11D3-BF4B-00C04F79EFBC}") = "Assignmentno1_qno6", "Assignmentno1_qno6\Assignmentno1_qno6.csproj", "{822F12B8-3CE0-4C50-BC9F-DD7D4E89369E}"
EndProject
Global
	GlobalSection(SolutionConfigurationPlatforms) = preSolution
		Debug|Any CPU = Debug|Any CPU
		Release|Any CPU = Release|Any CPU
	EndGlobalSection
	GlobalSection(ProjectConfigurationPlatforms) = postSolution
		{822F12B8-3CE0-4C50-BC9F-DD7D4E89369E}.Debug|Any CPU.ActiveCfg = Debug|Any CPU
		{822F12B8-3CE0-4C50-BC9F-DD7D4E89369E}.Debug|Any CPU.Build.0 = Debug|Any CPU
		{822F12B8-3CE0-4C50-BC9F-DD7D4E89369E}.Release|Any CPU.ActiveCfg = Release|Any CPU
		{822F12B8-3CE0-4C50-BC9F-DD7D4E89369E}.Release|Any CPU.Build.0 = Release|Any CPU
	EndGlobalSection
	GlobalSection(SolutionProperties) = preSolution
		HideSolutionNode = FALSE
	EndGlobalSection
	GlobalSection(ExtensibilityGlobals) = postSolution
		SolutionGuid = {DDFBC8EA-A986-49D8-9696-8B4BF7D5E0ED}
	EndGlobalSection
EndGlobal
