
Microsoft Visual Studio Solution File, Format Version 12.00
# Visual Studio Version 16
VisualStudioVersion = 16.0.29418.71
MinimumVisualStudioVersion = 10.0.40219.1
Project("{FAE04EC0-301F-11D3-BF4B-00C04F79EFBC}") = "AssignmentNo1_Qno2", "AssignmentNo1_Qno2\AssignmentNo1_Qno2.csproj", "{C2F13CCE-5A27-490B-9819-6F4E77D1C0E2}"
EndProject
Global
	GlobalSection(SolutionConfigurationPlatforms) = preSolution
		Debug|Any CPU = Debug|Any CPU
		Release|Any CPU = Release|Any CPU
	EndGlobalSection
	GlobalSection(ProjectConfigurationPlatforms) = postSolution
		{C2F13CCE-5A27-490B-9819-6F4E77D1C0E2}.Debug|Any CPU.ActiveCfg = Debug|Any CPU
		{C2F13CCE-5A27-490B-9819-6F4E77D1C0E2}.Debug|Any CPU.Build.0 = Debug|Any CPU
		{C2F13CCE-5A27-490B-9819-6F4E77D1C0E2}.Release|Any CPU.ActiveCfg = Release|Any CPU
		{C2F13CCE-5A27-490B-9819-6F4E77D1C0E2}.Release|Any CPU.Build.0 = Release|Any CPU
	EndGlobalSection
	GlobalSection(SolutionProperties) = preSolution
		HideSolutionNode = FALSE
	EndGlobalSection
	GlobalSection(ExtensibilityGlobals) = postSolution
		SolutionGuid = {31AA1902-F84A-44CA-BD5C-4B2ED1C1C3A3}
	EndGlobalSection
EndGlobal
