
Microsoft Visual Studio Solution File, Format Version 12.00
# Visual Studio Version 16
VisualStudioVersion = 16.0.29418.71
MinimumVisualStudioVersion = 10.0.40219.1
Project("{FAE04EC0-301F-11D3-BF4B-00C04F79EFBC}") = "AssignmentNo1_qno5", "AssignmentNo1_qno5\AssignmentNo1_qno5.csproj", "{EEEEB63B-4863-4082-8537-E3C29DDA897F}"
EndProject
Global
	GlobalSection(SolutionConfigurationPlatforms) = preSolution
		Debug|Any CPU = Debug|Any CPU
		Release|Any CPU = Release|Any CPU
	EndGlobalSection
	GlobalSection(ProjectConfigurationPlatforms) = postSolution
		{EEEEB63B-4863-4082-8537-E3C29DDA897F}.Debug|Any CPU.ActiveCfg = Debug|Any CPU
		{EEEEB63B-4863-4082-8537-E3C29DDA897F}.Debug|Any CPU.Build.0 = Debug|Any CPU
		{EEEEB63B-4863-4082-8537-E3C29DDA897F}.Release|Any CPU.ActiveCfg = Release|Any CPU
		{EEEEB63B-4863-4082-8537-E3C29DDA897F}.Release|Any CPU.Build.0 = Release|Any CPU
	EndGlobalSection
	GlobalSection(SolutionProperties) = preSolution
		HideSolutionNode = FALSE
	EndGlobalSection
	GlobalSection(ExtensibilityGlobals) = postSolution
		SolutionGuid = {295259BB-D1E1-4DB2-BF5C-558A16408774}
	EndGlobalSection
EndGlobal
