
Microsoft Visual Studio Solution File, Format Version 12.00
# Visual Studio Version 16
VisualStudioVersion = 16.0.29418.71
MinimumVisualStudioVersion = 10.0.40219.1
Project("{FAE04EC0-301F-11D3-BF4B-00C04F79EFBC}") = "AssignmentNo1_qno4", "AssignmentNo1_qno4\AssignmentNo1_qno4.csproj", "{ECD2A231-6058-4276-9388-DD6B076CCAB8}"
EndProject
Global
	GlobalSection(SolutionConfigurationPlatforms) = preSolution
		Debug|Any CPU = Debug|Any CPU
		Release|Any CPU = Release|Any CPU
	EndGlobalSection
	GlobalSection(ProjectConfigurationPlatforms) = postSolution
		{ECD2A231-6058-4276-9388-DD6B076CCAB8}.Debug|Any CPU.ActiveCfg = Debug|Any CPU
		{ECD2A231-6058-4276-9388-DD6B076CCAB8}.Debug|Any CPU.Build.0 = Debug|Any CPU
		{ECD2A231-6058-4276-9388-DD6B076CCAB8}.Release|Any CPU.ActiveCfg = Release|Any CPU
		{ECD2A231-6058-4276-9388-DD6B076CCAB8}.Release|Any CPU.Build.0 = Release|Any CPU
	EndGlobalSection
	GlobalSection(SolutionProperties) = preSolution
		HideSolutionNode = FALSE
	EndGlobalSection
	GlobalSection(ExtensibilityGlobals) = postSolution
		SolutionGuid = {FC7EC5B5-5DE0-4968-BD07-8FDE299C0674}
	EndGlobalSection
EndGlobal
